
Microsoft Visual Studio Solution File, Format Version 12.00
# Visual Studio Version 16
VisualStudioVersion = 16.0.31112.23
MinimumVisualStudioVersion = 10.0.40219.1
Project("{FAE04EC0-301F-11D3-BF4B-00C04F79EFBC}") = "Av3X99Ex08", "Av3X99Ex08\Av3X99Ex08.csproj", "{4E013941-5F42-4D63-B930-1A6427A5EF43}"
EndProject
Global
	GlobalSection(SolutionConfigurationPlatforms) = preSolution
		Debug|Any CPU = Debug|Any CPU
		Release|Any CPU = Release|Any CPU
	EndGlobalSection
	GlobalSection(ProjectConfigurationPlatforms) = postSolution
		{4E013941-5F42-4D63-B930-1A6427A5EF43}.Debug|Any CPU.ActiveCfg = Debug|Any CPU
		{4E013941-5F42-4D63-B930-1A6427A5EF43}.Debug|Any CPU.Build.0 = Debug|Any CPU
		{4E013941-5F42-4D63-B930-1A6427A5EF43}.Release|Any CPU.ActiveCfg = Release|Any CPU
		{4E013941-5F42-4D63-B930-1A6427A5EF43}.Release|Any CPU.Build.0 = Release|Any CPU
	EndGlobalSection
	GlobalSection(SolutionProperties) = preSolution
		HideSolutionNode = FALSE
	EndGlobalSection
	GlobalSection(ExtensibilityGlobals) = postSolution
		SolutionGuid = {1C20C1A2-EA8F-4EAF-9546-7354019685FE}
	EndGlobalSection
EndGlobal
